
Microsoft Visual Studio Solution File, Format Version 12.00
# Visual Studio 14
VisualStudioVersion = 14.0.23107.0
MinimumVisualStudioVersion = 10.0.40219.1
Project("{FAE04EC0-301F-11D3-BF4B-00C04F79EFBC}") = "BallouBot.Core", "BallouBot\BallouBot.Core.csproj", "{AB5084DA-44B0-42FB-ACF3-A38090D4EDB9}"
EndProject
Project("{FAE04EC0-301F-11D3-BF4B-00C04F79EFBC}") = "BallouBot.Tests", "BallouBotTests\BallouBot.Tests.csproj", "{E79316D7-248E-4978-9A1D-5F4AAD5FA398}"
EndProject
Project("{FAE04EC0-301F-11D3-BF4B-00C04F79EFBC}") = "ConsoleUI", "ConsoleUI\ConsoleUI.csproj", "{9812D5A0-1463-480A-8AFD-3EDBC02DCDB3}"
EndProject
Project("{FAE04EC0-301F-11D3-BF4B-00C04F79EFBC}") = "BallouBot.Config", "BallouBot.Config\BallouBot.Config.csproj", "{E2A94128-1A96-4AE2-B77E-71A2234F2BCE}"
EndProject
Project("{FAE04EC0-301F-11D3-BF4B-00C04F79EFBC}") = "BallouBot.Data", "BallouBot.Data\BallouBot.Data.csproj", "{50CE7811-8ED8-4173-82A3-FE460A94B0DB}"
EndProject
Project("{FAE04EC0-301F-11D3-BF4B-00C04F79EFBC}") = "BallouBot.Twitch", "BallouBot.Twitch\BallouBot.Twitch.csproj", "{9B3E671A-FC3F-4452-8CCA-C9A5B780365A}"
EndProject
Project("{FAE04EC0-301F-11D3-BF4B-00C04F79EFBC}") = "BallouBot.Logging", "BallouBot.Logging\BallouBot.Logging.csproj", "{336BDAC2-0122-43CE-8D78-15B2F899E89F}"
EndProject
Project("{FAE04EC0-301F-11D3-BF4B-00C04F79EFBC}") = "BallouBot.WPF", "BallouBot.WPF\BallouBot.WPF.csproj", "{AE6E8FE6-D4E3-445D-A205-6375ABA00C51}"
EndProject
Project("{FAE04EC0-301F-11D3-BF4B-00C04F79EFBC}") = "BallouBot.PollPlugin", "BallouBot.PollPlugin\BallouBot.PollPlugin.csproj", "{102D5B5A-2FA7-4588-A09F-0302F1FCC052}"
EndProject
Global
	GlobalSection(SolutionConfigurationPlatforms) = preSolution
		Debug|Any CPU = Debug|Any CPU
		Release|Any CPU = Release|Any CPU
	EndGlobalSection
	GlobalSection(ProjectConfigurationPlatforms) = postSolution
		{AB5084DA-44B0-42FB-ACF3-A38090D4EDB9}.Debug|Any CPU.ActiveCfg = Debug|Any CPU
		{AB5084DA-44B0-42FB-ACF3-A38090D4EDB9}.Debug|Any CPU.Build.0 = Debug|Any CPU
		{AB5084DA-44B0-42FB-ACF3-A38090D4EDB9}.Release|Any CPU.ActiveCfg = Release|Any CPU
		{AB5084DA-44B0-42FB-ACF3-A38090D4EDB9}.Release|Any CPU.Build.0 = Release|Any CPU
		{E79316D7-248E-4978-9A1D-5F4AAD5FA398}.Debug|Any CPU.ActiveCfg = Debug|Any CPU
		{E79316D7-248E-4978-9A1D-5F4AAD5FA398}.Debug|Any CPU.Build.0 = Debug|Any CPU
		{E79316D7-248E-4978-9A1D-5F4AAD5FA398}.Release|Any CPU.ActiveCfg = Release|Any CPU
		{E79316D7-248E-4978-9A1D-5F4AAD5FA398}.Release|Any CPU.Build.0 = Release|Any CPU
		{9812D5A0-1463-480A-8AFD-3EDBC02DCDB3}.Debug|Any CPU.ActiveCfg = Debug|Any CPU
		{9812D5A0-1463-480A-8AFD-3EDBC02DCDB3}.Debug|Any CPU.Build.0 = Debug|Any CPU
		{9812D5A0-1463-480A-8AFD-3EDBC02DCDB3}.Release|Any CPU.ActiveCfg = Release|Any CPU
		{9812D5A0-1463-480A-8AFD-3EDBC02DCDB3}.Release|Any CPU.Build.0 = Release|Any CPU
		{E2A94128-1A96-4AE2-B77E-71A2234F2BCE}.Debug|Any CPU.ActiveCfg = Debug|Any CPU
		{E2A94128-1A96-4AE2-B77E-71A2234F2BCE}.Debug|Any CPU.Build.0 = Debug|Any CPU
		{E2A94128-1A96-4AE2-B77E-71A2234F2BCE}.Release|Any CPU.ActiveCfg = Release|Any CPU
		{E2A94128-1A96-4AE2-B77E-71A2234F2BCE}.Release|Any CPU.Build.0 = Release|Any CPU
		{50CE7811-8ED8-4173-82A3-FE460A94B0DB}.Debug|Any CPU.ActiveCfg = Debug|Any CPU
		{50CE7811-8ED8-4173-82A3-FE460A94B0DB}.Debug|Any CPU.Build.0 = Debug|Any CPU
		{50CE7811-8ED8-4173-82A3-FE460A94B0DB}.Release|Any CPU.ActiveCfg = Release|Any CPU
		{50CE7811-8ED8-4173-82A3-FE460A94B0DB}.Release|Any CPU.Build.0 = Release|Any CPU
		{9B3E671A-FC3F-4452-8CCA-C9A5B780365A}.Debug|Any CPU.ActiveCfg = Debug|Any CPU
		{9B3E671A-FC3F-4452-8CCA-C9A5B780365A}.Debug|Any CPU.Build.0 = Debug|Any CPU
		{9B3E671A-FC3F-4452-8CCA-C9A5B780365A}.Release|Any CPU.ActiveCfg = Release|Any CPU
		{9B3E671A-FC3F-4452-8CCA-C9A5B780365A}.Release|Any CPU.Build.0 = Release|Any CPU
		{336BDAC2-0122-43CE-8D78-15B2F899E89F}.Debug|Any CPU.ActiveCfg = Debug|Any CPU
		{336BDAC2-0122-43CE-8D78-15B2F899E89F}.Debug|Any CPU.Build.0 = Debug|Any CPU
		{336BDAC2-0122-43CE-8D78-15B2F899E89F}.Release|Any CPU.ActiveCfg = Release|Any CPU
		{336BDAC2-0122-43CE-8D78-15B2F899E89F}.Release|Any CPU.Build.0 = Release|Any CPU
		{AE6E8FE6-D4E3-445D-A205-6375ABA00C51}.Debug|Any CPU.ActiveCfg = Debug|Any CPU
		{AE6E8FE6-D4E3-445D-A205-6375ABA00C51}.Debug|Any CPU.Build.0 = Debug|Any CPU
		{AE6E8FE6-D4E3-445D-A205-6375ABA00C51}.Release|Any CPU.ActiveCfg = Release|Any CPU
		{AE6E8FE6-D4E3-445D-A205-6375ABA00C51}.Release|Any CPU.Build.0 = Release|Any CPU
		{102D5B5A-2FA7-4588-A09F-0302F1FCC052}.Debug|Any CPU.ActiveCfg = Debug|Any CPU
		{102D5B5A-2FA7-4588-A09F-0302F1FCC052}.Debug|Any CPU.Build.0 = Debug|Any CPU
		{102D5B5A-2FA7-4588-A09F-0302F1FCC052}.Release|Any CPU.ActiveCfg = Release|Any CPU
		{102D5B5A-2FA7-4588-A09F-0302F1FCC052}.Release|Any CPU.Build.0 = Release|Any CPU
	EndGlobalSection
	GlobalSection(SolutionProperties) = preSolution
		HideSolutionNode = FALSE
	EndGlobalSection
EndGlobal
